
Microsoft Visual Studio Solution File, Format Version 12.00
# Visual Studio 2013
VisualStudioVersion = 12.0.30501.0
MinimumVisualStudioVersion = 10.0.40219.1
Project("{FAE04EC0-301F-11D3-BF4B-00C04F79EFBC}") = "notebook", "notebook\notebook.csproj", "{4FC0EA18-4965-4EC7-A4B0-433E96CB7997}"
EndProject
Project("{F088123C-0E9E-452A-89E6-6BA2F21D5CAC}") = "ModelingProject", "ModelingProject\ModelingProject.modelproj", "{F886834B-AEA7-44C3-9A48-6B98394A94B0}"
EndProject
Global
	GlobalSection(SolutionConfigurationPlatforms) = preSolution
		Debug|Any CPU = Debug|Any CPU
		Release|Any CPU = Release|Any CPU
	EndGlobalSection
	GlobalSection(ProjectConfigurationPlatforms) = postSolution
		{4FC0EA18-4965-4EC7-A4B0-433E96CB7997}.Debug|Any CPU.ActiveCfg = Debug|Any CPU
		{4FC0EA18-4965-4EC7-A4B0-433E96CB7997}.Debug|Any CPU.Build.0 = Debug|Any CPU
		{4FC0EA18-4965-4EC7-A4B0-433E96CB7997}.Release|Any CPU.ActiveCfg = Release|Any CPU
		{4FC0EA18-4965-4EC7-A4B0-433E96CB7997}.Release|Any CPU.Build.0 = Release|Any CPU
		{F886834B-AEA7-44C3-9A48-6B98394A94B0}.Debug|Any CPU.ActiveCfg = Debug|Any CPU
		{F886834B-AEA7-44C3-9A48-6B98394A94B0}.Debug|Any CPU.Build.0 = Debug|Any CPU
		{F886834B-AEA7-44C3-9A48-6B98394A94B0}.Release|Any CPU.ActiveCfg = Release|Any CPU
		{F886834B-AEA7-44C3-9A48-6B98394A94B0}.Release|Any CPU.Build.0 = Release|Any CPU
	EndGlobalSection
	GlobalSection(SolutionProperties) = preSolution
		HideSolutionNode = FALSE
	EndGlobalSection
EndGlobal
